
Microsoft Visual Studio Solution File, Format Version 11.00
# Visual Studio 2010
Project("{E24C65DC-7377-472B-9ABA-BC803B73C61A}") = "questions database", "..\", "{6289DE63-2F20-4236-AD5A-F0FFF508BCE2}"
	ProjectSection(WebsiteProperties) = preProject
		TargetFrameworkMoniker = ".NETFramework,Version%3Dv4.0"
		Debug.AspNetCompiler.VirtualPath = "/questions database"
		Debug.AspNetCompiler.PhysicalPath = "..\..\..\..\Desktop\dotnet\project\questions database\"
		Debug.AspNetCompiler.TargetPath = "PrecompiledWeb\questions database\"
		Debug.AspNetCompiler.Updateable = "true"
		Debug.AspNetCompiler.ForceOverwrite = "true"
		Debug.AspNetCompiler.FixedNames = "false"
		Debug.AspNetCompiler.Debug = "True"
		Release.AspNetCompiler.VirtualPath = "/questions database"
		Release.AspNetCompiler.PhysicalPath = "..\..\..\..\Desktop\dotnet\project\questions database\"
		Release.AspNetCompiler.TargetPath = "PrecompiledWeb\questions database\"
		Release.AspNetCompiler.Updateable = "true"
		Release.AspNetCompiler.ForceOverwrite = "true"
		Release.AspNetCompiler.FixedNames = "false"
		Release.AspNetCompiler.Debug = "False"
		VWDPort = "40963"
	EndProjectSection
EndProject
Global
	GlobalSection(SolutionConfigurationPlatforms) = preSolution
		Debug|Any CPU = Debug|Any CPU
	EndGlobalSection
	GlobalSection(ProjectConfigurationPlatforms) = postSolution
		{6289DE63-2F20-4236-AD5A-F0FFF508BCE2}.Debug|Any CPU.ActiveCfg = Debug|Any CPU
		{6289DE63-2F20-4236-AD5A-F0FFF508BCE2}.Debug|Any CPU.Build.0 = Debug|Any CPU
	EndGlobalSection
	GlobalSection(SolutionProperties) = preSolution
		HideSolutionNode = FALSE
	EndGlobalSection
EndGlobal
